# THIS IS AN AUTOGENERATED FILE. DO NOT EDIT THIS FILE DIRECTLY.
# yarn lockfile v1


"@types/node@*":
  version "16.10.3"
  resolved "https://registry.yarnpkg.com/@types/node/-/node-16.10.3.tgz#7a8f2838603ea314d1d22bb3171d899e15c57bd5"
  integrity sha512-ho3Ruq+fFnBrZhUYI46n/bV2GjwzSkwuT4dTf0GkuNFmnb8nq4ny2z9JEVemFi6bdEJanHLlYfy9c6FN9B9McQ==

"@types/oracledb@^5.2.1":
  version "5.2.1"
  resolved "https://registry.yarnpkg.com/@types/oracledb/-/oracledb-5.2.1.tgz#b0c64d1ab68f1be6dc153a310ce0e840b8f333df"
  integrity sha512-xtN24H9bpGB11ZiswZulAKYJ9xcWrF5BOAGFemcfeZkLmw8qAzVm+TAWT20VVLst6kh9VNxinY239S8EKgRBbA==
  dependencies:
    "@types/node" "*"
    dotenv "^8.2.0"

dotenv@^8.2.0:
  version "8.6.0"
  resolved "https://registry.yarnpkg.com/dotenv/-/dotenv-8.6.0.tgz#061af664d19f7f4d8fc6e4ff9b584ce237adcb8b"
  integrity sha512-IrPdXQsk2BbzvCBGBOTmmSH5SodmqZNt4ERAZDmW4CT+tL8VtvinqywuANaFu4bOMWki16nqf0e4oC0QIaDr/g==

oracledb@^5.2.0:
  version "5.2.0"
  resolved "https://registry.yarnpkg.com/oracledb/-/oracledb-5.2.0.tgz#c5774a38508e2ebd4f899500dfc35daa03b00481"
  integrity sha512-gHOWTM6ILKOGVH3Z+11Cnpls8XWW7sZUoBrbQWvspYOGpkvJ+TKRr1OdVS21EyeAtfMzXePDrSvG/Mlp/fxOVA==

"sdz-agent-types@https://github.com/seedz-ag/sdz-agent-types.git":
  version "1.0.0"
  resolved "https://github.com/seedz-ag/sdz-agent-types.git#b9ad397635a2cbcb90968c8a34426b91d5584a78"
